
Microsoft Visual Studio Solution File, Format Version 12.00
# Visual Studio Version 16
VisualStudioVersion = 16.0.30907.101
MinimumVisualStudioVersion = 10.0.40219.1
Project("{FAE04EC0-301F-11D3-BF4B-00C04F79EFBC}") = "Export-UsedArticles", "Export-UsedArticles\Export-UsedArticles.csproj", "{B994DDB8-6CCD-49DE-8409-4C284604F918}"
EndProject
Project("{FAE04EC0-301F-11D3-BF4B-00C04F79EFBC}") = "Import-TranslatedUsedArticles", "Import-TranslatedUsedArticles\Import-TranslatedUsedArticles.csproj", "{1CE6FC96-4F4C-422C-9181-0DC72EA5CC3C}"
EndProject
Project("{FAE04EC0-301F-11D3-BF4B-00C04F79EFBC}") = "Import-QuickLog", "Import-QuickLog\Import-QuickLog.csproj", "{11A8F599-B5AC-4D2E-BEC3-48E5630A7C19}"
EndProject
Project("{FAE04EC0-301F-11D3-BF4B-00C04F79EFBC}") = "QuickLog", "QuickLog\QuickLog.csproj", "{2074EBC7-A019-402D-8E4E-4E0751E66013}"
EndProject
Project("{FAE04EC0-301F-11D3-BF4B-00C04F79EFBC}") = "MaintenanceJournal", "MaintenanceJournal\MaintenanceJournal.csproj", "{94380B7B-5B99-4A4B-9B21-E7FCBFB2B225}"
EndProject
Project("{FAE04EC0-301F-11D3-BF4B-00C04F79EFBC}") = "Common-Joost", "Common-Joost\Common-Joost.csproj", "{5E79336C-CB3B-4592-AFDA-FF5A8CFFB7E0}"
EndProject
Project("{2150E333-8FDC-42A3-9474-1A3956D46DE8}") = "Solution Items", "Solution Items", "{69588BC9-84D0-4948-B11B-0231F9159E71}"
	ProjectSection(SolutionItems) = preProject
		README.md = README.md
	EndProjectSection
EndProject
Global
	GlobalSection(SolutionConfigurationPlatforms) = preSolution
		Debug|Any CPU = Debug|Any CPU
		Release|Any CPU = Release|Any CPU
	EndGlobalSection
	GlobalSection(ProjectConfigurationPlatforms) = postSolution
		{B994DDB8-6CCD-49DE-8409-4C284604F918}.Debug|Any CPU.ActiveCfg = Debug|Any CPU
		{B994DDB8-6CCD-49DE-8409-4C284604F918}.Debug|Any CPU.Build.0 = Debug|Any CPU
		{B994DDB8-6CCD-49DE-8409-4C284604F918}.Release|Any CPU.ActiveCfg = Release|Any CPU
		{B994DDB8-6CCD-49DE-8409-4C284604F918}.Release|Any CPU.Build.0 = Release|Any CPU
		{1CE6FC96-4F4C-422C-9181-0DC72EA5CC3C}.Debug|Any CPU.ActiveCfg = Debug|Any CPU
		{1CE6FC96-4F4C-422C-9181-0DC72EA5CC3C}.Debug|Any CPU.Build.0 = Debug|Any CPU
		{1CE6FC96-4F4C-422C-9181-0DC72EA5CC3C}.Release|Any CPU.ActiveCfg = Release|Any CPU
		{1CE6FC96-4F4C-422C-9181-0DC72EA5CC3C}.Release|Any CPU.Build.0 = Release|Any CPU
		{11A8F599-B5AC-4D2E-BEC3-48E5630A7C19}.Debug|Any CPU.ActiveCfg = Debug|Any CPU
		{11A8F599-B5AC-4D2E-BEC3-48E5630A7C19}.Debug|Any CPU.Build.0 = Debug|Any CPU
		{11A8F599-B5AC-4D2E-BEC3-48E5630A7C19}.Release|Any CPU.ActiveCfg = Release|Any CPU
		{11A8F599-B5AC-4D2E-BEC3-48E5630A7C19}.Release|Any CPU.Build.0 = Release|Any CPU
		{2074EBC7-A019-402D-8E4E-4E0751E66013}.Debug|Any CPU.ActiveCfg = Debug|Any CPU
		{2074EBC7-A019-402D-8E4E-4E0751E66013}.Debug|Any CPU.Build.0 = Debug|Any CPU
		{2074EBC7-A019-402D-8E4E-4E0751E66013}.Release|Any CPU.ActiveCfg = Release|Any CPU
		{2074EBC7-A019-402D-8E4E-4E0751E66013}.Release|Any CPU.Build.0 = Release|Any CPU
		{94380B7B-5B99-4A4B-9B21-E7FCBFB2B225}.Debug|Any CPU.ActiveCfg = Debug|Any CPU
		{94380B7B-5B99-4A4B-9B21-E7FCBFB2B225}.Debug|Any CPU.Build.0 = Debug|Any CPU
		{94380B7B-5B99-4A4B-9B21-E7FCBFB2B225}.Release|Any CPU.ActiveCfg = Release|Any CPU
		{94380B7B-5B99-4A4B-9B21-E7FCBFB2B225}.Release|Any CPU.Build.0 = Release|Any CPU
		{5E79336C-CB3B-4592-AFDA-FF5A8CFFB7E0}.Debug|Any CPU.ActiveCfg = Debug|Any CPU
		{5E79336C-CB3B-4592-AFDA-FF5A8CFFB7E0}.Debug|Any CPU.Build.0 = Debug|Any CPU
		{5E79336C-CB3B-4592-AFDA-FF5A8CFFB7E0}.Release|Any CPU.ActiveCfg = Release|Any CPU
		{5E79336C-CB3B-4592-AFDA-FF5A8CFFB7E0}.Release|Any CPU.Build.0 = Release|Any CPU
	EndGlobalSection
	GlobalSection(SolutionProperties) = preSolution
		HideSolutionNode = FALSE
	EndGlobalSection
	GlobalSection(ExtensibilityGlobals) = postSolution
		SolutionGuid = {A372F79A-C671-479F-A4C0-3E56FFA58BEB}
	EndGlobalSection
EndGlobal
